
Microsoft Visual Studio Solution File, Format Version 12.00
# Visual Studio Version 17
VisualStudioVersion = 17.5.33530.505
MinimumVisualStudioVersion = 10.0.40219.1
Project("{FAE04EC0-301F-11D3-BF4B-00C04F79EFBC}") = "Lab8_3", "Lab8_3\Lab8_3.csproj", "{CDFA049D-C307-4650-8198-93CCFB6DE0D8}"
EndProject
Global
	GlobalSection(SolutionConfigurationPlatforms) = preSolution
		Debug|Any CPU = Debug|Any CPU
		Release|Any CPU = Release|Any CPU
	EndGlobalSection
	GlobalSection(ProjectConfigurationPlatforms) = postSolution
		{CDFA049D-C307-4650-8198-93CCFB6DE0D8}.Debug|Any CPU.ActiveCfg = Debug|Any CPU
		{CDFA049D-C307-4650-8198-93CCFB6DE0D8}.Debug|Any CPU.Build.0 = Debug|Any CPU
		{CDFA049D-C307-4650-8198-93CCFB6DE0D8}.Release|Any CPU.ActiveCfg = Release|Any CPU
		{CDFA049D-C307-4650-8198-93CCFB6DE0D8}.Release|Any CPU.Build.0 = Release|Any CPU
	EndGlobalSection
	GlobalSection(SolutionProperties) = preSolution
		HideSolutionNode = FALSE
	EndGlobalSection
	GlobalSection(ExtensibilityGlobals) = postSolution
		SolutionGuid = {E5AB3A9E-BAB8-413A-A020-BF8062FD0DEE}
	EndGlobalSection
EndGlobal
